
Microsoft Visual Studio Solution File, Format Version 12.00
# Visual Studio Version 16
VisualStudioVersion = 16.0.29613.14
MinimumVisualStudioVersion = 10.0.40219.1
Project("{FAE04EC0-301F-11D3-BF4B-00C04F79EFBC}") = "tpClasseCommande", "tpClasseCommande\tpClasseCommande.csproj", "{B56D7A1E-40E8-4EE0-A9A5-CF82E6794F9C}"
EndProject
Project("{FAE04EC0-301F-11D3-BF4B-00C04F79EFBC}") = "classeCommandeGB", "classeCommandeGB\classeCommandeGB.csproj", "{09DC4C53-C2C5-44D1-97EC-C7D75B484359}"
EndProject
Project("{FAE04EC0-301F-11D3-BF4B-00C04F79EFBC}") = "DemoHéritageGB", "DemoHéritageGB\DemoHéritageGB.csproj", "{2A81ED6F-8352-4BAE-9552-10203F29F4AD}"
EndProject
Project("{FAE04EC0-301F-11D3-BF4B-00C04F79EFBC}") = "DemoHeritageGA", "DemoHeritageGA\DemoHeritageGA.csproj", "{4199B166-0623-4870-B84D-99FE54651DAF}"
EndProject
Project("{FAE04EC0-301F-11D3-BF4B-00C04F79EFBC}") = "HeritageGestionCameraGA", "HeritageGestionCameraGA\HeritageGestionCameraGA.csproj", "{EA460D8E-EB8D-49C4-A949-D13372C5938A}"
EndProject
Project("{FAE04EC0-301F-11D3-BF4B-00C04F79EFBC}") = "TP_HeritageCameraGB", "TP_HeritageCameraGB\TP_HeritageCameraGB.csproj", "{140CCA61-F93A-4DAA-A95A-0E0284EB2BB2}"
EndProject
Global
	GlobalSection(SolutionConfigurationPlatforms) = preSolution
		Debug|Any CPU = Debug|Any CPU
		Release|Any CPU = Release|Any CPU
	EndGlobalSection
	GlobalSection(ProjectConfigurationPlatforms) = postSolution
		{B56D7A1E-40E8-4EE0-A9A5-CF82E6794F9C}.Debug|Any CPU.ActiveCfg = Debug|Any CPU
		{B56D7A1E-40E8-4EE0-A9A5-CF82E6794F9C}.Debug|Any CPU.Build.0 = Debug|Any CPU
		{B56D7A1E-40E8-4EE0-A9A5-CF82E6794F9C}.Release|Any CPU.ActiveCfg = Release|Any CPU
		{B56D7A1E-40E8-4EE0-A9A5-CF82E6794F9C}.Release|Any CPU.Build.0 = Release|Any CPU
		{09DC4C53-C2C5-44D1-97EC-C7D75B484359}.Debug|Any CPU.ActiveCfg = Debug|Any CPU
		{09DC4C53-C2C5-44D1-97EC-C7D75B484359}.Debug|Any CPU.Build.0 = Debug|Any CPU
		{09DC4C53-C2C5-44D1-97EC-C7D75B484359}.Release|Any CPU.ActiveCfg = Release|Any CPU
		{09DC4C53-C2C5-44D1-97EC-C7D75B484359}.Release|Any CPU.Build.0 = Release|Any CPU
		{2A81ED6F-8352-4BAE-9552-10203F29F4AD}.Debug|Any CPU.ActiveCfg = Debug|Any CPU
		{2A81ED6F-8352-4BAE-9552-10203F29F4AD}.Debug|Any CPU.Build.0 = Debug|Any CPU
		{2A81ED6F-8352-4BAE-9552-10203F29F4AD}.Release|Any CPU.ActiveCfg = Release|Any CPU
		{2A81ED6F-8352-4BAE-9552-10203F29F4AD}.Release|Any CPU.Build.0 = Release|Any CPU
		{4199B166-0623-4870-B84D-99FE54651DAF}.Debug|Any CPU.ActiveCfg = Debug|Any CPU
		{4199B166-0623-4870-B84D-99FE54651DAF}.Debug|Any CPU.Build.0 = Debug|Any CPU
		{4199B166-0623-4870-B84D-99FE54651DAF}.Release|Any CPU.ActiveCfg = Release|Any CPU
		{4199B166-0623-4870-B84D-99FE54651DAF}.Release|Any CPU.Build.0 = Release|Any CPU
		{EA460D8E-EB8D-49C4-A949-D13372C5938A}.Debug|Any CPU.ActiveCfg = Debug|Any CPU
		{EA460D8E-EB8D-49C4-A949-D13372C5938A}.Debug|Any CPU.Build.0 = Debug|Any CPU
		{EA460D8E-EB8D-49C4-A949-D13372C5938A}.Release|Any CPU.ActiveCfg = Release|Any CPU
		{EA460D8E-EB8D-49C4-A949-D13372C5938A}.Release|Any CPU.Build.0 = Release|Any CPU
		{140CCA61-F93A-4DAA-A95A-0E0284EB2BB2}.Debug|Any CPU.ActiveCfg = Debug|Any CPU
		{140CCA61-F93A-4DAA-A95A-0E0284EB2BB2}.Debug|Any CPU.Build.0 = Debug|Any CPU
		{140CCA61-F93A-4DAA-A95A-0E0284EB2BB2}.Release|Any CPU.ActiveCfg = Release|Any CPU
		{140CCA61-F93A-4DAA-A95A-0E0284EB2BB2}.Release|Any CPU.Build.0 = Release|Any CPU
	EndGlobalSection
	GlobalSection(SolutionProperties) = preSolution
		HideSolutionNode = FALSE
	EndGlobalSection
	GlobalSection(ExtensibilityGlobals) = postSolution
		SolutionGuid = {37AF3846-ACB8-4415-821E-597C94FB70E1}
	EndGlobalSection
EndGlobal
